
Microsoft Visual Studio Solution File, Format Version 12.00
# Visual Studio Version 17
VisualStudioVersion = 17.9.34728.123
MinimumVisualStudioVersion = 10.0.40219.1
Project("{FAE04EC0-301F-11D3-BF4B-00C04F79EFBC}") = "httpClient_p2", "httpClient_p2\httpClient_p2.csproj", "{93B03922-538F-45EB-A23A-6298A3549F61}"
EndProject
Global
	GlobalSection(SolutionConfigurationPlatforms) = preSolution
		Debug|Any CPU = Debug|Any CPU
		Release|Any CPU = Release|Any CPU
	EndGlobalSection
	GlobalSection(ProjectConfigurationPlatforms) = postSolution
		{93B03922-538F-45EB-A23A-6298A3549F61}.Debug|Any CPU.ActiveCfg = Debug|Any CPU
		{93B03922-538F-45EB-A23A-6298A3549F61}.Debug|Any CPU.Build.0 = Debug|Any CPU
		{93B03922-538F-45EB-A23A-6298A3549F61}.Release|Any CPU.ActiveCfg = Release|Any CPU
		{93B03922-538F-45EB-A23A-6298A3549F61}.Release|Any CPU.Build.0 = Release|Any CPU
	EndGlobalSection
	GlobalSection(SolutionProperties) = preSolution
		HideSolutionNode = FALSE
	EndGlobalSection
	GlobalSection(ExtensibilityGlobals) = postSolution
		SolutionGuid = {D492E52E-08F1-456F-84EA-4B024671828B}
	EndGlobalSection
EndGlobal
